PODS:
  - Alamofire (3.1.4)
  - HPReorderTableView (0.2)
  - Mapbox-iOS-SDK (3.0.1)
  - Spring (1.0.3)

DEPENDENCIES:
  - Alamofire (~> 3.0)
  - HPReorderTableView (~> 0.2)
  - Mapbox-iOS-SDK
  - Spring (from `https://github.com/MengTo/Spring.git`, branch `swift2`)

EXTERNAL SOURCES:
  Spring:
    :branch: swift2
    :git: https://github.com/MengTo/Spring.git

CHECKOUT OPTIONS:
  Spring:
    :commit: 18d5c7b74489de8044e34767f856d1e574f0820e
    :git: https://github.com/MengTo/Spring.git

SPEC CHECKSUMS:
  Alamofire: fbc829692f351fa1d8a31dd75fd7f7f56fea31fb
  HPReorderTableView: fbecadc7f8b2d5a138d976aa5fe6fbb09524022a
  Mapbox-iOS-SDK: 61e79f3dd8432617bd1a66b2d7273ab5ce923ca9
  Spring: 3f02b5dc3308572ef177b3cad0fa7bbc4b0706f7

COCOAPODS: 0.39.0
