// !$*UTF8*$!
{
	archiveVersion = 1;
	classes = {
	};
	objectVersion = 46;
	objects = {

/* Begin PBXBuildFile section */
		430B6DA21C393F9A000EB7FA /* Model.swift in Sources */ = {isa = PBXBuildFile; fileRef = 430B6DA11C393F9A000EB7FA /* Model.swift */; };
		4356E6AA1C3737C4005E6889 /* AppDelegate.swift in Sources */ = {isa = PBXBuildFile; fileRef = 4356E6A91C3737C4005E6889 /* AppDelegate.swift */; };
		4356E6AC1C3737C4005E6889 /* SettingsViewController.swift in Sources */ = {isa = PBXBuildFile; fileRef = 4356E6AB1C3737C4005E6889 /* SettingsViewController.swift */; };
		4356E6AF1C3737C4005E6889 /* Main.storyboard in Resources */ = {isa = PBXBuildFile; fileRef = 4356E6AD1C3737C4005E6889 /* Main.storyboard */; };
		4356E6B11C3737C4005E6889 /* Assets.xcassets in Resources */ = {isa = PBXBuildFile; fileRef = 4356E6B01C3737C4005E6889 /* Assets.xcassets */; };
		4356E6B41C3737C4005E6889 /* LaunchScreen.storyboard in Resources */ = {isa = PBXBuildFile; fileRef = 4356E6B21C3737C4005E6889 /* LaunchScreen.storyboard */; };
		4356E6BF1C3737C5005E6889 /* HackathonTests.swift in Sources */ = {isa = PBXBuildFile; fileRef = 4356E6BE1C3737C5005E6889 /* HackathonTests.swift */; };
		4356E6CA1C3737C5005E6889 /* HackathonUITests.swift in Sources */ = {isa = PBXBuildFile; fileRef = 4356E6C91C3737C5005E6889 /* HackathonUITests.swift */; };
		437C5E291C38404B00481C03 /* APICategory.m in Sources */ = {isa = PBXBuildFile; fileRef = 437C5E1C1C38404B00481C03 /* APICategory.m */; };
		437C5E2A1C38404B00481C03 /* APIManager.m in Sources */ = {isa = PBXBuildFile; fileRef = 437C5E1E1C38404B00481C03 /* APIManager.m */; };
		437C5E2B1C38404B00481C03 /* APISpec.m in Sources */ = {isa = PBXBuildFile; fileRef = 437C5E201C38404B00481C03 /* APISpec.m */; };
		437C5E2C1C38404B00481C03 /* APISpecRaw.m in Sources */ = {isa = PBXBuildFile; fileRef = 437C5E221C38404B00481C03 /* APISpecRaw.m */; };
		437C5E2D1C38404B00481C03 /* ASDPRequestManager.m in Sources */ = {isa = PBXBuildFile; fileRef = 437C5E261C38404B00481C03 /* ASDPRequestManager.m */; };
		437C5E2E1C38404B00481C03 /* ASDPResult.m in Sources */ = {isa = PBXBuildFile; fileRef = 437C5E281C38404B00481C03 /* ASDPResult.m */; };
		437C5E351C38783E00481C03 /* EricssonTests.swift in Sources */ = {isa = PBXBuildFile; fileRef = 437C5E341C38783E00481C03 /* EricssonTests.swift */; };
		437C5E371C388EF600481C03 /* Ericsson.swift in Sources */ = {isa = PBXBuildFile; fileRef = 437C5E361C388EF600481C03 /* Ericsson.swift */; };
		438F74811C399C2000CBFC46 /* julio.png in Resources */ = {isa = PBXBuildFile; fileRef = 438F74801C399C2000CBFC46 /* julio.png */; };
		438F74861C399DBC00CBFC46 /* camioneta.png in Resources */ = {isa = PBXBuildFile; fileRef = 438F74831C399DBC00CBFC46 /* camioneta.png */; };
		438F74871C399DBC00CBFC46 /* coche.png in Resources */ = {isa = PBXBuildFile; fileRef = 438F74841C399DBC00CBFC46 /* coche.png */; };
		438F74881C399DBC00CBFC46 /* taxi.png in Resources */ = {isa = PBXBuildFile; fileRef = 438F74851C399DBC00CBFC46 /* taxi.png */; };
		438F748A1C399F4400CBFC46 /* jonathan.png in Resources */ = {isa = PBXBuildFile; fileRef = 438F74891C399F4400CBFC46 /* jonathan.png */; };
		438F748C1C399FDD00CBFC46 /* michelle.png in Resources */ = {isa = PBXBuildFile; fileRef = 438F748B1C399FDD00CBFC46 /* michelle.png */; };
		438F74921C39A28F00CBFC46 /* cesar.png in Resources */ = {isa = PBXBuildFile; fileRef = 438F74911C39A28F00CBFC46 /* cesar.png */; };
		43D4CB4F1C39544C000AC42A /* ProfileViewController.swift in Sources */ = {isa = PBXBuildFile; fileRef = 43D4CB4E1C39544C000AC42A /* ProfileViewController.swift */; };
		43D4CB521C395B2A000AC42A /* PT DIN Condensed Cyrillic.ttf in Resources */ = {isa = PBXBuildFile; fileRef = 43D4CB511C395B2A000AC42A /* PT DIN Condensed Cyrillic.ttf */; };
		43D4CB541C3968C8000AC42A /* CircleView.swift in Sources */ = {isa = PBXBuildFile; fileRef = 43D4CB531C3968C8000AC42A /* CircleView.swift */; };
		9FE134A91C394E3000F3E39E /* SearchRidesResultsViewController.swift in Sources */ = {isa = PBXBuildFile; fileRef = 9FE134A81C394E3000F3E39E /* SearchRidesResultsViewController.swift */; };
		9FE134AB1C394E3D00F3E39E /* CurrentTripViewController.swift in Sources */ = {isa = PBXBuildFile; fileRef = 9FE134AA1C394E3D00F3E39E /* CurrentTripViewController.swift */; };
		9FE134AC1C3952E500F3E39E /* DIN1451-36breit.ttf in Resources */ = {isa = PBXBuildFile; fileRef = 9FD3C3381C3941AC002E2DF3 /* DIN1451-36breit.ttf */; };
		9FE134AD1C3952E500F3E39E /* SF-UI-Text-Light.otf in Resources */ = {isa = PBXBuildFile; fileRef = 9FD3C3391C39463D002E2DF3 /* SF-UI-Text-Light.otf */; };
		AA09B5E324F635C574D0D112 /* Pods_Hackathon.framework in Frameworks */ = {isa = PBXBuildFile; fileRef = B1EB21D38C015B81BDDC7DD8 /* Pods_Hackathon.framework */; };
/* End PBXBuildFile section */

/* Begin PBXContainerItemProxy section */
		4356E6BB1C3737C5005E6889 /* PBXContainerItemProxy */ = {
			isa = PBXContainerItemProxy;
			containerPortal = 4356E69E1C3737C4005E6889 /* Project object */;
			proxyType = 1;
			remoteGlobalIDString = 4356E6A51C3737C4005E6889;
			remoteInfo = Hackathon;
		};
		4356E6C61C3737C5005E6889 /* PBXContainerItemProxy */ = {
			isa = PBXContainerItemProxy;
			containerPortal = 4356E69E1C3737C4005E6889 /* Project object */;
			proxyType = 1;
			remoteGlobalIDString = 4356E6A51C3737C4005E6889;
			remoteInfo = Hackathon;
		};
/* End PBXContainerItemProxy section */

/* Begin PBXFileReference section */
		430B6D961C3912E4000EB7FA /* Playground.playground */ = {isa = PBXFileReference; lastKnownFileType = file.playground; path = Playground.playground; sourceTree = "<group>"; };
		430B6DA11C393F9A000EB7FA /* Model.swift */ = {isa = PBXFileReference; fileEncoding = 4; lastKnownFileType = sourcecode.swift; path = Model.swift; sourceTree = "<group>"; };
		4356E6A61C3737C4005E6889 /* Hackathon.app */ = {isa = PBXFileReference; explicitFileType = wrapper.application; includeInIndex = 0; path = Hackathon.app; sourceTree = BUILT_PRODUCTS_DIR; };
		4356E6A91C3737C4005E6889 /* AppDelegate.swift */ = {isa = PBXFileReference; lastKnownFileType = sourcecode.swift; path = AppDelegate.swift; sourceTree = "<group>"; };
		4356E6AB1C3737C4005E6889 /* SettingsViewController.swift */ = {isa = PBXFileReference; lastKnownFileType = sourcecode.swift; path = SettingsViewController.swift; sourceTree = "<group>"; };
		4356E6AE1C3737C4005E6889 /* Base */ = {isa = PBXFileReference; lastKnownFileType = file.storyboard; name = Base; path = Base.lproj/Main.storyboard; sourceTree = "<group>"; };
		4356E6B01C3737C4005E6889 /* Assets.xcassets */ = {isa = PBXFileReference; lastKnownFileType = folder.assetcatalog; path = Assets.xcassets; sourceTree = "<group>"; };
		4356E6B31C3737C4005E6889 /* Base */ = {isa = PBXFileReference; lastKnownFileType = file.storyboard; name = Base; path = Base.lproj/LaunchScreen.storyboard; sourceTree = "<group>"; };
		4356E6B51C3737C4005E6889 /* Info.plist */ = {isa = PBXFileReference; lastKnownFileType = text.plist.xml; path = Info.plist; sourceTree = "<group>"; };
		4356E6BA1C3737C5005E6889 /* HackathonTests.xctest */ = {isa = PBXFileReference; explicitFileType = wrapper.cfbundle; includeInIndex = 0; path = HackathonTests.xctest; sourceTree = BUILT_PRODUCTS_DIR; };
		4356E6BE1C3737C5005E6889 /* HackathonTests.swift */ = {isa = PBXFileReference; lastKnownFileType = sourcecode.swift; path = HackathonTests.swift; sourceTree = "<group>"; };
		4356E6C01C3737C5005E6889 /* Info.plist */ = {isa = PBXFileReference; lastKnownFileType = text.plist.xml; path = Info.plist; sourceTree = "<group>"; };
		4356E6C51C3737C5005E6889 /* HackathonUITests.xctest */ = {isa = PBXFileReference; explicitFileType = wrapper.cfbundle; includeInIndex = 0; path = HackathonUITests.xctest; sourceTree = BUILT_PRODUCTS_DIR; };
		4356E6C91C3737C5005E6889 /* HackathonUITests.swift */ = {isa = PBXFileReference; lastKnownFileType = sourcecode.swift; path = HackathonUITests.swift; sourceTree = "<group>"; };
		4356E6CB1C3737C5005E6889 /* Info.plist */ = {isa = PBXFileReference; lastKnownFileType = text.plist.xml; path = Info.plist; sourceTree = "<group>"; };
		437C5DF81C3837B300481C03 /* Hackathon-Bridging-Header.h */ = {isa = PBXFileReference; lastKnownFileType = sourcecode.c.h; path = "Hackathon-Bridging-Header.h"; sourceTree = "<group>"; };
		437C5E1B1C38404B00481C03 /* APICategory.h */ = {isa = PBXFileReference; fileEncoding = 4; lastKnownFileType = sourcecode.c.h; path = APICategory.h; sourceTree = "<group>"; };
		437C5E1C1C38404B00481C03 /* APICategory.m */ = {isa = PBXFileReference; fileEncoding = 4; lastKnownFileType = sourcecode.c.objc; path = APICategory.m; sourceTree = "<group>"; };
		437C5E1D1C38404B00481C03 /* APIManager.h */ = {isa = PBXFileReference; fileEncoding = 4; lastKnownFileType = sourcecode.c.h; path = APIManager.h; sourceTree = "<group>"; };
		437C5E1E1C38404B00481C03 /* APIManager.m */ = {isa = PBXFileReference; fileEncoding = 4; lastKnownFileType = sourcecode.c.objc; path = APIManager.m; sourceTree = "<group>"; };
		437C5E1F1C38404B00481C03 /* APISpec.h */ = {isa = PBXFileReference; fileEncoding = 4; lastKnownFileType = sourcecode.c.h; path = APISpec.h; sourceTree = "<group>"; };
		437C5E201C38404B00481C03 /* APISpec.m */ = {isa = PBXFileReference; fileEncoding = 4; lastKnownFileType = sourcecode.c.objc; path = APISpec.m; sourceTree = "<group>"; };
		437C5E211C38404B00481C03 /* APISpecRaw.h */ = {isa = PBXFileReference; fileEncoding = 4; lastKnownFileType = sourcecode.c.h; path = APISpecRaw.h; sourceTree = "<group>"; };
		437C5E221C38404B00481C03 /* APISpecRaw.m */ = {isa = PBXFileReference; fileEncoding = 4; lastKnownFileType = sourcecode.c.objc; path = APISpecRaw.m; sourceTree = "<group>"; };
		437C5E231C38404B00481C03 /* JSONObjectCoding.h */ = {isa = PBXFileReference; fileEncoding = 4; lastKnownFileType = sourcecode.c.h; path = JSONObjectCoding.h; sourceTree = "<group>"; };
		437C5E251C38404B00481C03 /* ASDPRequestManager.h */ = {isa = PBXFileReference; fileEncoding = 4; lastKnownFileType = sourcecode.c.h; path = ASDPRequestManager.h; sourceTree = "<group>"; };
		437C5E261C38404B00481C03 /* ASDPRequestManager.m */ = {isa = PBXFileReference; fileEncoding = 4; lastKnownFileType = sourcecode.c.objc; path = ASDPRequestManager.m; sourceTree = "<group>"; };
		437C5E271C38404B00481C03 /* ASDPResult.h */ = {isa = PBXFileReference; fileEncoding = 4; lastKnownFileType = sourcecode.c.h; path = ASDPResult.h; sourceTree = "<group>"; };
		437C5E281C38404B00481C03 /* ASDPResult.m */ = {isa = PBXFileReference; fileEncoding = 4; lastKnownFileType = sourcecode.c.objc; path = ASDPResult.m; sourceTree = "<group>"; };
		437C5E321C38564700481C03 /* Settings.bundle */ = {isa = PBXFileReference; lastKnownFileType = "wrapper.plug-in"; path = Settings.bundle; sourceTree = "<group>"; };
		437C5E341C38783E00481C03 /* EricssonTests.swift */ = {isa = PBXFileReference; fileEncoding = 4; lastKnownFileType = sourcecode.swift; path = EricssonTests.swift; sourceTree = "<group>"; };
		437C5E361C388EF600481C03 /* Ericsson.swift */ = {isa = PBXFileReference; fileEncoding = 4; lastKnownFileType = sourcecode.swift; path = Ericsson.swift; sourceTree = "<group>"; };
		438F74801C399C2000CBFC46 /* julio.png */ = {isa = PBXFileReference; lastKnownFileType = image.png; path = julio.png; sourceTree = "<group>"; };
		438F74831C399DBC00CBFC46 /* camioneta.png */ = {isa = PBXFileReference; lastKnownFileType = image.png; path = camioneta.png; sourceTree = "<group>"; };
		438F74841C399DBC00CBFC46 /* coche.png */ = {isa = PBXFileReference; lastKnownFileType = image.png; path = coche.png; sourceTree = "<group>"; };
		438F74851C399DBC00CBFC46 /* taxi.png */ = {isa = PBXFileReference; lastKnownFileType = image.png; path = taxi.png; sourceTree = "<group>"; };
		438F74891C399F4400CBFC46 /* jonathan.png */ = {isa = PBXFileReference; lastKnownFileType = image.png; path = jonathan.png; sourceTree = "<group>"; };
		438F748B1C399FDD00CBFC46 /* michelle.png */ = {isa = PBXFileReference; lastKnownFileType = image.png; path = michelle.png; sourceTree = "<group>"; };
		438F74911C39A28F00CBFC46 /* cesar.png */ = {isa = PBXFileReference; lastKnownFileType = image.png; path = cesar.png; sourceTree = "<group>"; };
		43D4CB4E1C39544C000AC42A /* ProfileViewController.swift */ = {isa = PBXFileReference; fileEncoding = 4; lastKnownFileType = sourcecode.swift; path = ProfileViewController.swift; sourceTree = "<group>"; };
		43D4CB511C395B2A000AC42A /* PT DIN Condensed Cyrillic.ttf */ = {isa = PBXFileReference; lastKnownFileType = file; path = "PT DIN Condensed Cyrillic.ttf"; sourceTree = "<group>"; };
		43D4CB531C3968C8000AC42A /* CircleView.swift */ = {isa = PBXFileReference; fileEncoding = 4; lastKnownFileType = sourcecode.swift; path = CircleView.swift; sourceTree = "<group>"; };
		5802FF0C100A4ACB79BE410D /* Pods-Hackathon.debug.xcconfig */ = {isa = PBXFileReference; includeInIndex = 1; lastKnownFileType = text.xcconfig; name = "Pods-Hackathon.debug.xcconfig"; path = "Pods/Target Support Files/Pods-Hackathon/Pods-Hackathon.debug.xcconfig"; sourceTree = "<group>"; };
		5CD9B413845E46D216CB9D6A /* Pods-Hackathon.release.xcconfig */ = {isa = PBXFileReference; includeInIndex = 1; lastKnownFileType = text.xcconfig; name = "Pods-Hackathon.release.xcconfig"; path = "Pods/Target Support Files/Pods-Hackathon/Pods-Hackathon.release.xcconfig"; sourceTree = "<group>"; };
		9FD3C3381C3941AC002E2DF3 /* DIN1451-36breit.ttf */ = {isa = PBXFileReference; lastKnownFileType = file; path = "DIN1451-36breit.ttf"; sourceTree = "<group>"; };
		9FD3C3391C39463D002E2DF3 /* SF-UI-Text-Light.otf */ = {isa = PBXFileReference; lastKnownFileType = file; path = "SF-UI-Text-Light.otf"; sourceTree = "<group>"; };
		9FE134A81C394E3000F3E39E /* SearchRidesResultsViewController.swift */ = {isa = PBXFileReference; fileEncoding = 4; lastKnownFileType = sourcecode.swift; path = SearchRidesResultsViewController.swift; sourceTree = "<group>"; };
		9FE134AA1C394E3D00F3E39E /* CurrentTripViewController.swift */ = {isa = PBXFileReference; fileEncoding = 4; lastKnownFileType = sourcecode.swift; path = CurrentTripViewController.swift; sourceTree = "<group>"; };
		B1EB21D38C015B81BDDC7DD8 /* Pods_Hackathon.framework */ = {isa = PBXFileReference; explicitFileType = wrapper.framework; includeInIndex = 0; path = Pods_Hackathon.framework; sourceTree = BUILT_PRODUCTS_DIR; };
/* End PBXFileReference section */

/* Begin PBXFrameworksBuildPhase section */
		4356E6A31C3737C4005E6889 /* Frameworks */ = {
			isa = PBXFrameworksBuildPhase;
			buildActionMask = 2147483647;
			files = (
				AA09B5E324F635C574D0D112 /* Pods_Hackathon.framework in Frameworks */,
			);
			runOnlyForDeploymentPostprocessing = 0;
		};
		4356E6B71C3737C5005E6889 /* Frameworks */ = {
			isa = PBXFrameworksBuildPhase;
			buildActionMask = 2147483647;
			files = (
			);
			runOnlyForDeploymentPostprocessing = 0;
		};
		4356E6C21C3737C5005E6889 /* Frameworks */ = {
			isa = PBXFrameworksBuildPhase;
			buildActionMask = 2147483647;
			files = (
			);
			runOnlyForDeploymentPostprocessing = 0;
		};
/* End PBXFrameworksBuildPhase section */

/* Begin PBXGroup section */
		081235BA311B86F26FCF8871 /* Frameworks */ = {
			isa = PBXGroup;
			children = (
				B1EB21D38C015B81BDDC7DD8 /* Pods_Hackathon.framework */,
			);
			name = Frameworks;
			sourceTree = "<group>";
		};
		1CC71F79AA48C5529CB9402A /* Pods */ = {
			isa = PBXGroup;
			children = (
				5802FF0C100A4ACB79BE410D /* Pods-Hackathon.debug.xcconfig */,
				5CD9B413845E46D216CB9D6A /* Pods-Hackathon.release.xcconfig */,
			);
			name = Pods;
			sourceTree = "<group>";
		};
		4356E69D1C3737C4005E6889 = {
			isa = PBXGroup;
			children = (
				4356E6A81C3737C4005E6889 /* Hackathon */,
				4356E6BD1C3737C5005E6889 /* HackathonTests */,
				4356E6C81C3737C5005E6889 /* HackathonUITests */,
				4356E6A71C3737C4005E6889 /* Products */,
				1CC71F79AA48C5529CB9402A /* Pods */,
				081235BA311B86F26FCF8871 /* Frameworks */,
			);
			sourceTree = "<group>";
		};
		4356E6A71C3737C4005E6889 /* Products */ = {
			isa = PBXGroup;
			children = (
				4356E6A61C3737C4005E6889 /* Hackathon.app */,
				4356E6BA1C3737C5005E6889 /* HackathonTests.xctest */,
				4356E6C51C3737C5005E6889 /* HackathonUITests.xctest */,
			);
			name = Products;
			sourceTree = "<group>";
		};
		4356E6A81C3737C4005E6889 /* Hackathon */ = {
			isa = PBXGroup;
			children = (
				430B6D961C3912E4000EB7FA /* Playground.playground */,
				4356E6A91C3737C4005E6889 /* AppDelegate.swift */,
				430B6DA11C393F9A000EB7FA /* Model.swift */,
				437C5E191C38404B00481C03 /* Ericsson */,
				4356E6AD1C3737C4005E6889 /* Main.storyboard */,
				438F74941C39A3AD00CBFC46 /* People Images */,
				438F74931C39A39D00CBFC46 /* Car Images */,
				43D4CB531C3968C8000AC42A /* CircleView.swift */,
				43D4CB501C395467000AC42A /* View Controllers */,
				4356E6B01C3737C4005E6889 /* Assets.xcassets */,
				4356E6B21C3737C4005E6889 /* LaunchScreen.storyboard */,
				9FD3C3381C3941AC002E2DF3 /* DIN1451-36breit.ttf */,
				43D4CB511C395B2A000AC42A /* PT DIN Condensed Cyrillic.ttf */,
				9FD3C3391C39463D002E2DF3 /* SF-UI-Text-Light.otf */,
				4356E6B51C3737C4005E6889 /* Info.plist */,
				437C5DF81C3837B300481C03 /* Hackathon-Bridging-Header.h */,
			);
			path = Hackathon;
			sourceTree = "<group>";
		};
		4356E6BD1C3737C5005E6889 /* HackathonTests */ = {
			isa = PBXGroup;
			children = (
				4356E6BE1C3737C5005E6889 /* HackathonTests.swift */,
				437C5E341C38783E00481C03 /* EricssonTests.swift */,
				4356E6C01C3737C5005E6889 /* Info.plist */,
			);
			path = HackathonTests;
			sourceTree = "<group>";
		};
		4356E6C81C3737C5005E6889 /* HackathonUITests */ = {
			isa = PBXGroup;
			children = (
				4356E6C91C3737C5005E6889 /* HackathonUITests.swift */,
				4356E6CB1C3737C5005E6889 /* Info.plist */,
			);
			path = HackathonUITests;
			sourceTree = "<group>";
		};
		437C5E191C38404B00481C03 /* Ericsson */ = {
			isa = PBXGroup;
			children = (
				437C5E361C388EF600481C03 /* Ericsson.swift */,
				437C5E321C38564700481C03 /* Settings.bundle */,
				437C5E1A1C38404B00481C03 /* API */,
				437C5E241C38404B00481C03 /* Network */,
			);
			path = Ericsson;
			sourceTree = "<group>";
		};
		437C5E1A1C38404B00481C03 /* API */ = {
			isa = PBXGroup;
			children = (
				437C5E1B1C38404B00481C03 /* APICategory.h */,
				437C5E1C1C38404B00481C03 /* APICategory.m */,
				437C5E1D1C38404B00481C03 /* APIManager.h */,
				437C5E1E1C38404B00481C03 /* APIManager.m */,
				437C5E1F1C38404B00481C03 /* APISpec.h */,
				437C5E201C38404B00481C03 /* APISpec.m */,
				437C5E211C38404B00481C03 /* APISpecRaw.h */,
				437C5E221C38404B00481C03 /* APISpecRaw.m */,
				437C5E231C38404B00481C03 /* JSONObjectCoding.h */,
			);
			path = API;
			sourceTree = "<group>";
		};
		437C5E241C38404B00481C03 /* Network */ = {
			isa = PBXGroup;
			children = (
				437C5E251C38404B00481C03 /* ASDPRequestManager.h */,
				437C5E261C38404B00481C03 /* ASDPRequestManager.m */,
				437C5E271C38404B00481C03 /* ASDPResult.h */,
				437C5E281C38404B00481C03 /* ASDPResult.m */,
			);
			path = Network;
			sourceTree = "<group>";
		};
		438F74931C39A39D00CBFC46 /* Car Images */ = {
			isa = PBXGroup;
			children = (
				438F74831C399DBC00CBFC46 /* camioneta.png */,
				438F74841C399DBC00CBFC46 /* coche.png */,
				438F74851C399DBC00CBFC46 /* taxi.png */,
			);
			name = "Car Images";
			sourceTree = "<group>";
		};
		438F74941C39A3AD00CBFC46 /* People Images */ = {
			isa = PBXGroup;
			children = (
				438F74801C399C2000CBFC46 /* julio.png */,
				438F74891C399F4400CBFC46 /* jonathan.png */,
				438F748B1C399FDD00CBFC46 /* michelle.png */,
				438F74911C39A28F00CBFC46 /* cesar.png */,
			);
			name = "People Images";
			sourceTree = "<group>";
		};
		43D4CB501C395467000AC42A /* View Controllers */ = {
			isa = PBXGroup;
			children = (
				4356E6AB1C3737C4005E6889 /* SettingsViewController.swift */,
				9FE134A81C394E3000F3E39E /* SearchRidesResultsViewController.swift */,
				43D4CB4E1C39544C000AC42A /* ProfileViewController.swift */,
				9FE134AA1C394E3D00F3E39E /* CurrentTripViewController.swift */,
			);
			name = "View Controllers";
			sourceTree = "<group>";
		};
/* End PBXGroup section */

/* Begin PBXNativeTarget section */
		4356E6A51C3737C4005E6889 /* Hackathon */ = {
			isa = PBXNativeTarget;
			buildConfigurationList = 4356E6CE1C3737C5005E6889 /* Build configuration list for PBXNativeTarget "Hackathon" */;
			buildPhases = (
				5B528988BB0F62F94D35D23B /* Check Pods Manifest.lock */,
				4356E6A21C3737C4005E6889 /* Sources */,
				4356E6A31C3737C4005E6889 /* Frameworks */,
				4356E6A41C3737C4005E6889 /* Resources */,
				27BDA1B793A8C88616DAF822 /* Embed Pods Frameworks */,
				22F00E8FAC421E939A730C3F /* Copy Pods Resources */,
			);
			buildRules = (
			);
			dependencies = (
			);
			name = Hackathon;
			productName = Hackathon;
			productReference = 4356E6A61C3737C4005E6889 /* Hackathon.app */;
			productType = "com.apple.product-type.application";
		};
		4356E6B91C3737C5005E6889 /* HackathonTests */ = {
			isa = PBXNativeTarget;
			buildConfigurationList = 4356E6D11C3737C5005E6889 /* Build configuration list for PBXNativeTarget "HackathonTests" */;
			buildPhases = (
				4356E6B61C3737C5005E6889 /* Sources */,
				4356E6B71C3737C5005E6889 /* Frameworks */,
				4356E6B81C3737C5005E6889 /* Resources */,
			);
			buildRules = (
			);
			dependencies = (
				4356E6BC1C3737C5005E6889 /* PBXTargetDependency */,
			);
			name = HackathonTests;
			productName = HackathonTests;
			productReference = 4356E6BA1C3737C5005E6889 /* HackathonTests.xctest */;
			productType = "com.apple.product-type.bundle.unit-test";
		};
		4356E6C41C3737C5005E6889 /* HackathonUITests */ = {
			isa = PBXNativeTarget;
			buildConfigurationList = 4356E6D41C3737C5005E6889 /* Build configuration list for PBXNativeTarget "HackathonUITests" */;
			buildPhases = (
				4356E6C11C3737C5005E6889 /* Sources */,
				4356E6C21C3737C5005E6889 /* Frameworks */,
				4356E6C31C3737C5005E6889 /* Resources */,
			);
			buildRules = (
			);
			dependencies = (
				4356E6C71C3737C5005E6889 /* PBXTargetDependency */,
			);
			name = HackathonUITests;
			productName = HackathonUITests;
			productReference = 4356E6C51C3737C5005E6889 /* HackathonUITests.xctest */;
			productType = "com.apple.product-type.bundle.ui-testing";
		};
/* End PBXNativeTarget section */

/* Begin PBXProject section */
		4356E69E1C3737C4005E6889 /* Project object */ = {
			isa = PBXProject;
			attributes = {
				LastSwiftUpdateCheck = 0720;
				LastUpgradeCheck = 0720;
				ORGANIZATIONNAME = Julio;
				TargetAttributes = {
					4356E6A51C3737C4005E6889 = {
						CreatedOnToolsVersion = 7.2;
					};
					4356E6B91C3737C5005E6889 = {
						CreatedOnToolsVersion = 7.2;
						TestTargetID = 4356E6A51C3737C4005E6889;
					};
					4356E6C41C3737C5005E6889 = {
						CreatedOnToolsVersion = 7.2;
						TestTargetID = 4356E6A51C3737C4005E6889;
					};
				};
			};
			buildConfigurationList = 4356E6A11C3737C4005E6889 /* Build configuration list for PBXProject "Hackathon" */;
			compatibilityVersion = "Xcode 3.2";
			developmentRegion = English;
			hasScannedForEncodings = 0;
			knownRegions = (
				en,
				Base,
			);
			mainGroup = 4356E69D1C3737C4005E6889;
			productRefGroup = 4356E6A71C3737C4005E6889 /* Products */;
			projectDirPath = "";
			projectRoot = "";
			targets = (
				4356E6A51C3737C4005E6889 /* Hackathon */,
				4356E6B91C3737C5005E6889 /* HackathonTests */,
				4356E6C41C3737C5005E6889 /* HackathonUITests */,
			);
		};
/* End PBXProject section */

/* Begin PBXResourcesBuildPhase section */
		4356E6A41C3737C4005E6889 /* Resources */ = {
			isa = PBXResourcesBuildPhase;
			buildActionMask = 2147483647;
			files = (
				438F74871C399DBC00CBFC46 /* coche.png in Resources */,
				438F74881C399DBC00CBFC46 /* taxi.png in Resources */,
				438F748A1C399F4400CBFC46 /* jonathan.png in Resources */,
				438F74921C39A28F00CBFC46 /* cesar.png in Resources */,
				43D4CB521C395B2A000AC42A /* PT DIN Condensed Cyrillic.ttf in Resources */,
				438F74861C399DBC00CBFC46 /* camioneta.png in Resources */,
				9FE134AC1C3952E500F3E39E /* DIN1451-36breit.ttf in Resources */,
				9FE134AD1C3952E500F3E39E /* SF-UI-Text-Light.otf in Resources */,
				4356E6B41C3737C4005E6889 /* LaunchScreen.storyboard in Resources */,
				438F74811C399C2000CBFC46 /* julio.png in Resources */,
				4356E6B11C3737C4005E6889 /* Assets.xcassets in Resources */,
				438F748C1C399FDD00CBFC46 /* michelle.png in Resources */,
				4356E6AF1C3737C4005E6889 /* Main.storyboard in Resources */,
			);
			runOnlyForDeploymentPostprocessing = 0;
		};
		4356E6B81C3737C5005E6889 /* Resources */ = {
			isa = PBXResourcesBuildPhase;
			buildActionMask = 2147483647;
			files = (
			);
			runOnlyForDeploymentPostprocessing = 0;
		};
		4356E6C31C3737C5005E6889 /* Resources */ = {
			isa = PBXResourcesBuildPhase;
			buildActionMask = 2147483647;
			files = (
			);
			runOnlyForDeploymentPostprocessing = 0;
		};
/* End PBXResourcesBuildPhase section */

/* Begin PBXShellScriptBuildPhase section */
		22F00E8FAC421E939A730C3F /* Copy Pods Resources */ = {
			isa = PBXShellScriptBuildPhase;
			buildActionMask = 2147483647;
			files = (
			);
			inputPaths = (
			);
			name = "Copy Pods Resources";
			outputPaths = (
			);
			runOnlyForDeploymentPostprocessing = 0;
			shellPath = /bin/sh;
			shellScript = "\"${SRCROOT}/Pods/Target Support Files/Pods-Hackathon/Pods-Hackathon-resources.sh\"\n";
			showEnvVarsInLog = 0;
		};
		27BDA1B793A8C88616DAF822 /* Embed Pods Frameworks */ = {
			isa = PBXShellScriptBuildPhase;
			buildActionMask = 2147483647;
			files = (
			);
			inputPaths = (
			);
			name = "Embed Pods Frameworks";
			outputPaths = (
			);
			runOnlyForDeploymentPostprocessing = 0;
			shellPath = /bin/sh;
			shellScript = "\"${SRCROOT}/Pods/Target Support Files/Pods-Hackathon/Pods-Hackathon-frameworks.sh\"\n";
			showEnvVarsInLog = 0;
		};
		5B528988BB0F62F94D35D23B /* Check Pods Manifest.lock */ = {
			isa = PBXShellScriptBuildPhase;
			buildActionMask = 2147483647;
			files = (
			);
			inputPaths = (
			);
			name = "Check Pods Manifest.lock";
			outputPaths = (
			);
			runOnlyForDeploymentPostprocessing = 0;
			shellPath = /bin/sh;
			shellScript = "diff \"${PODS_ROOT}/../Podfile.lock\" \"${PODS_ROOT}/Manifest.lock\" > /dev/null\nif [[ $? != 0 ]] ; then\n    cat << EOM\nerror: The sandbox is not in sync with the Podfile.lock. Run 'pod install' or update your CocoaPods installation.\nEOM\n    exit 1\nfi\n";
			showEnvVarsInLog = 0;
		};
/* End PBXShellScriptBuildPhase section */

/* Begin PBXSourcesBuildPhase section */
		4356E6A21C3737C4005E6889 /* Sources */ = {
			isa = PBXSourcesBuildPhase;
			buildActionMask = 2147483647;
			files = (
				4356E6AC1C3737C4005E6889 /* SettingsViewController.swift in Sources */,
				9FE134A91C394E3000F3E39E /* SearchRidesResultsViewController.swift in Sources */,
				437C5E291C38404B00481C03 /* APICategory.m in Sources */,
				437C5E2E1C38404B00481C03 /* ASDPResult.m in Sources */,
				9FE134AB1C394E3D00F3E39E /* CurrentTripViewController.swift in Sources */,
				437C5E2D1C38404B00481C03 /* ASDPRequestManager.m in Sources */,
				437C5E2A1C38404B00481C03 /* APIManager.m in Sources */,
				430B6DA21C393F9A000EB7FA /* Model.swift in Sources */,
				437C5E2B1C38404B00481C03 /* APISpec.m in Sources */,
				437C5E2C1C38404B00481C03 /* APISpecRaw.m in Sources */,
				43D4CB4F1C39544C000AC42A /* ProfileViewController.swift in Sources */,
				437C5E371C388EF600481C03 /* Ericsson.swift in Sources */,
				43D4CB541C3968C8000AC42A /* CircleView.swift in Sources */,
				4356E6AA1C3737C4005E6889 /* AppDelegate.swift in Sources */,
			);
			runOnlyForDeploymentPostprocessing = 0;
		};
		4356E6B61C3737C5005E6889 /* Sources */ = {
			isa = PBXSourcesBuildPhase;
			buildActionMask = 2147483647;
			files = (
				4356E6BF1C3737C5005E6889 /* HackathonTests.swift in Sources */,
				437C5E351C38783E00481C03 /* EricssonTests.swift in Sources */,
			);
			runOnlyForDeploymentPostprocessing = 0;
		};
		4356E6C11C3737C5005E6889 /* Sources */ = {
			isa = PBXSourcesBuildPhase;
			buildActionMask = 2147483647;
			files = (
				4356E6CA1C3737C5005E6889 /* HackathonUITests.swift in Sources */,
			);
			runOnlyForDeploymentPostprocessing = 0;
		};
/* End PBXSourcesBuildPhase section */

/* Begin PBXTargetDependency section */
		4356E6BC1C3737C5005E6889 /* PBXTargetDependency */ = {
			isa = PBXTargetDependency;
			target = 4356E6A51C3737C4005E6889 /* Hackathon */;
			targetProxy = 4356E6BB1C3737C5005E6889 /* PBXContainerItemProxy */;
		};
		4356E6C71C3737C5005E6889 /* PBXTargetDependency */ = {
			isa = PBXTargetDependency;
			target = 4356E6A51C3737C4005E6889 /* Hackathon */;
			targetProxy = 4356E6C61C3737C5005E6889 /* PBXContainerItemProxy */;
		};
/* End PBXTargetDependency section */

/* Begin PBXVariantGroup section */
		4356E6AD1C3737C4005E6889 /* Main.storyboard */ = {
			isa = PBXVariantGroup;
			children = (
				4356E6AE1C3737C4005E6889 /* Base */,
			);
			name = Main.storyboard;
			sourceTree = "<group>";
		};
		4356E6B21C3737C4005E6889 /* LaunchScreen.storyboard */ = {
			isa = PBXVariantGroup;
			children = (
				4356E6B31C3737C4005E6889 /* Base */,
			);
			name = LaunchScreen.storyboard;
			sourceTree = "<group>";
		};
/* End PBXVariantGroup section */

/* Begin XCBuildConfiguration section */
		4356E6CC1C3737C5005E6889 /* Debug */ = {
			isa = XCBuildConfiguration;
			buildSettings = {
				ALWAYS_SEARCH_USER_PATHS = NO;
				CLANG_CXX_LANGUAGE_STANDARD = "gnu++0x";
				CLANG_CXX_LIBRARY = "libc++";
				CLANG_ENABLE_MODULES = YES;
				CLANG_ENABLE_OBJC_ARC = YES;
				CLANG_WARN_BOOL_CONVERSION = YES;
				CLANG_WARN_CONSTANT_CONVERSION = YES;
				CLANG_WARN_DIRECT_OBJC_ISA_USAGE = YES_ERROR;
				CLANG_WARN_EMPTY_BODY = YES;
				CLANG_WARN_ENUM_CONVERSION = YES;
				CLANG_WARN_INT_CONVERSION = YES;
				CLANG_WARN_OBJC_ROOT_CLASS = YES_ERROR;
				CLANG_WARN_UNREACHABLE_CODE = YES;
				CLANG_WARN__DUPLICATE_METHOD_MATCH = YES;
				"CODE_SIGN_IDENTITY[sdk=iphoneos*]" = "iPhone Developer";
				COPY_PHASE_STRIP = NO;
				DEBUG_INFORMATION_FORMAT = dwarf;
				ENABLE_STRICT_OBJC_MSGSEND = YES;
				ENABLE_TESTABILITY = YES;
				GCC_C_LANGUAGE_STANDARD = gnu99;
				GCC_DYNAMIC_NO_PIC = NO;
				GCC_NO_COMMON_BLOCKS = YES;
				GCC_OPTIMIZATION_LEVEL = 0;
				GCC_PREPROCESSOR_DEFINITIONS = (
					"DEBUG=1",
					"$(inherited)",
				);
				GCC_WARN_64_TO_32_BIT_CONVERSION = YES;
				GCC_WARN_ABOUT_RETURN_TYPE = YES_ERROR;
				GCC_WARN_UNDECLARED_SELECTOR = YES;
				GCC_WARN_UNINITIALIZED_AUTOS = YES_AGGRESSIVE;
				GCC_WARN_UNUSED_FUNCTION = YES;
				GCC_WARN_UNUSED_VARIABLE = YES;
				IPHONEOS_DEPLOYMENT_TARGET = 9.2;
				MTL_ENABLE_DEBUG_INFO = YES;
				ONLY_ACTIVE_ARCH = YES;
				SDKROOT = iphoneos;
				SWIFT_OPTIMIZATION_LEVEL = "-Onone";
				TARGETED_DEVICE_FAMILY = "1,2";
			};
			name = Debug;
		};
		4356E6CD1C3737C5005E6889 /* Release */ = {
			isa = XCBuildConfiguration;
			buildSettings = {
				ALWAYS_SEARCH_USER_PATHS = NO;
				CLANG_CXX_LANGUAGE_STANDARD = "gnu++0x";
				CLANG_CXX_LIBRARY = "libc++";
				CLANG_ENABLE_MODULES = YES;
				CLANG_ENABLE_OBJC_ARC = YES;
				CLANG_WARN_BOOL_CONVERSION = YES;
				CLANG_WARN_CONSTANT_CONVERSION = YES;
				CLANG_WARN_DIRECT_OBJC_ISA_USAGE = YES_ERROR;
				CLANG_WARN_EMPTY_BODY = YES;
				CLANG_WARN_ENUM_CONVERSION = YES;
				CLANG_WARN_INT_CONVERSION = YES;
				CLANG_WARN_OBJC_ROOT_CLASS = YES_ERROR;
				CLANG_WARN_UNREACHABLE_CODE = YES;
				CLANG_WARN__DUPLICATE_METHOD_MATCH = YES;
				"CODE_SIGN_IDENTITY[sdk=iphoneos*]" = "iPhone Developer";
				COPY_PHASE_STRIP = NO;
				DEBUG_INFORMATION_FORMAT = "dwarf-with-dsym";
				ENABLE_NS_ASSERTIONS = NO;
				ENABLE_STRICT_OBJC_MSGSEND = YES;
				GCC_C_LANGUAGE_STANDARD = gnu99;
				GCC_NO_COMMON_BLOCKS = YES;
				GCC_WARN_64_TO_32_BIT_CONVERSION = YES;
				GCC_WARN_ABOUT_RETURN_TYPE = YES_ERROR;
				GCC_WARN_UNDECLARED_SELECTOR = YES;
				GCC_WARN_UNINITIALIZED_AUTOS = YES_AGGRESSIVE;
				GCC_WARN_UNUSED_FUNCTION = YES;
				GCC_WARN_UNUSED_VARIABLE = YES;
				IPHONEOS_DEPLOYMENT_TARGET = 9.2;
				MTL_ENABLE_DEBUG_INFO = NO;
				SDKROOT = iphoneos;
				TARGETED_DEVICE_FAMILY = "1,2";
				VALIDATE_PRODUCT = YES;
			};
			name = Release;
		};
		4356E6CF1C3737C5005E6889 /* Debug */ = {
			isa = XCBuildConfiguration;
			baseConfigurationReference = 5802FF0C100A4ACB79BE410D /* Pods-Hackathon.debug.xcconfig */;
			buildSettings = {
				ASSETCATALOG_COMPILER_APPICON_NAME = AppIcon;
				CLANG_ENABLE_MODULES = YES;
				INFOPLIST_FILE = Hackathon/Info.plist;
				LD_RUNPATH_SEARCH_PATHS = "$(inherited) @executable_path/Frameworks";
				PRODUCT_BUNDLE_IDENTIFIER = Julio.Hackathon;
				PRODUCT_NAME = "$(TARGET_NAME)";
				SWIFT_OBJC_BRIDGING_HEADER = "Hackathon/Hackathon-Bridging-Header.h";
				SWIFT_OPTIMIZATION_LEVEL = "-Onone";
			};
			name = Debug;
		};
		4356E6D01C3737C5005E6889 /* Release */ = {
			isa = XCBuildConfiguration;
			baseConfigurationReference = 5CD9B413845E46D216CB9D6A /* Pods-Hackathon.release.xcconfig */;
			buildSettings = {
				ASSETCATALOG_COMPILER_APPICON_NAME = AppIcon;
				CLANG_ENABLE_MODULES = YES;
				INFOPLIST_FILE = Hackathon/Info.plist;
				LD_RUNPATH_SEARCH_PATHS = "$(inherited) @executable_path/Frameworks";
				PRODUCT_BUNDLE_IDENTIFIER = Julio.Hackathon;
				PRODUCT_NAME = "$(TARGET_NAME)";
				SWIFT_OBJC_BRIDGING_HEADER = "Hackathon/Hackathon-Bridging-Header.h";
			};
			name = Release;
		};
		4356E6D21C3737C5005E6889 /* Debug */ = {
			isa = XCBuildConfiguration;
			buildSettings = {
				BUNDLE_LOADER = "$(TEST_HOST)";
				INFOPLIST_FILE = HackathonTests/Info.plist;
				LD_RUNPATH_SEARCH_PATHS = "$(inherited) @executable_path/Frameworks @loader_path/Frameworks";
				PRODUCT_BUNDLE_IDENTIFIER = Julio.HackathonTests;
				PRODUCT_NAME = "$(TARGET_NAME)";
				TEST_HOST = "$(BUILT_PRODUCTS_DIR)/Hackathon.app/Hackathon";
			};
			name = Debug;
		};
		4356E6D31C3737C5005E6889 /* Release */ = {
			isa = XCBuildConfiguration;
			buildSettings = {
				BUNDLE_LOADER = "$(TEST_HOST)";
				INFOPLIST_FILE = HackathonTests/Info.plist;
				LD_RUNPATH_SEARCH_PATHS = "$(inherited) @executable_path/Frameworks @loader_path/Frameworks";
				PRODUCT_BUNDLE_IDENTIFIER = Julio.HackathonTests;
				PRODUCT_NAME = "$(TARGET_NAME)";
				TEST_HOST = "$(BUILT_PRODUCTS_DIR)/Hackathon.app/Hackathon";
			};
			name = Release;
		};
		4356E6D51C3737C5005E6889 /* Debug */ = {
			isa = XCBuildConfiguration;
			buildSettings = {
				INFOPLIST_FILE = HackathonUITests/Info.plist;
				LD_RUNPATH_SEARCH_PATHS = "$(inherited) @executable_path/Frameworks @loader_path/Frameworks";
				PRODUCT_BUNDLE_IDENTIFIER = Julio.HackathonUITests;
				PRODUCT_NAME = "$(TARGET_NAME)";
				TEST_TARGET_NAME = Hackathon;
				USES_XCTRUNNER = YES;
			};
			name = Debug;
		};
		4356E6D61C3737C5005E6889 /* Release */ = {
			isa = XCBuildConfiguration;
			buildSettings = {
				INFOPLIST_FILE = HackathonUITests/Info.plist;
				LD_RUNPATH_SEARCH_PATHS = "$(inherited) @executable_path/Frameworks @loader_path/Frameworks";
				PRODUCT_BUNDLE_IDENTIFIER = Julio.HackathonUITests;
				PRODUCT_NAME = "$(TARGET_NAME)";
				TEST_TARGET_NAME = Hackathon;
				USES_XCTRUNNER = YES;
			};
			name = Release;
		};
/* End XCBuildConfiguration section */

/* Begin XCConfigurationList section */
		4356E6A11C3737C4005E6889 /* Build configuration list for PBXProject "Hackathon" */ = {
			isa = XCConfigurationList;
			buildConfigurations = (
				4356E6CC1C3737C5005E6889 /* Debug */,
				4356E6CD1C3737C5005E6889 /* Release */,
			);
			defaultConfigurationIsVisible = 0;
			defaultConfigurationName = Release;
		};
		4356E6CE1C3737C5005E6889 /* Build configuration list for PBXNativeTarget "Hackathon" */ = {
			isa = XCConfigurationList;
			buildConfigurations = (
				4356E6CF1C3737C5005E6889 /* Debug */,
				4356E6D01C3737C5005E6889 /* Release */,
			);
			defaultConfigurationIsVisible = 0;
			defaultConfigurationName = Release;
		};
		4356E6D11C3737C5005E6889 /* Build configuration list for PBXNativeTarget "HackathonTests" */ = {
			isa = XCConfigurationList;
			buildConfigurations = (
				4356E6D21C3737C5005E6889 /* Debug */,
				4356E6D31C3737C5005E6889 /* Release */,
			);
			defaultConfigurationIsVisible = 0;
			defaultConfigurationName = Release;
		};
		4356E6D41C3737C5005E6889 /* Build configuration list for PBXNativeTarget "HackathonUITests" */ = {
			isa = XCConfigurationList;
			buildConfigurations = (
				4356E6D51C3737C5005E6889 /* Debug */,
				4356E6D61C3737C5005E6889 /* Release */,
			);
			defaultConfigurationIsVisible = 0;
			defaultConfigurationName = Release;
		};
/* End XCConfigurationList section */
	};
	rootObject = 4356E69E1C3737C4005E6889 /* Project object */;
}
